
Microsoft Visual Studio Solution File, Format Version 12.00
# Visual Studio Version 16
VisualStudioVersion = 16.0.31229.75
MinimumVisualStudioVersion = 10.0.40219.1
Project("{FAE04EC0-301F-11D3-BF4B-00C04F79EFBC}") = "410716665_test", "410716665_test\410716665_test.csproj", "{E626F395-C951-4165-AA9F-100F4D2D41EC}"
EndProject
Global
	GlobalSection(SolutionConfigurationPlatforms) = preSolution
		Debug|Any CPU = Debug|Any CPU
		Release|Any CPU = Release|Any CPU
	EndGlobalSection
	GlobalSection(ProjectConfigurationPlatforms) = postSolution
		{E626F395-C951-4165-AA9F-100F4D2D41EC}.Debug|Any CPU.ActiveCfg = Debug|Any CPU
		{E626F395-C951-4165-AA9F-100F4D2D41EC}.Debug|Any CPU.Build.0 = Debug|Any CPU
		{E626F395-C951-4165-AA9F-100F4D2D41EC}.Release|Any CPU.ActiveCfg = Release|Any CPU
		{E626F395-C951-4165-AA9F-100F4D2D41EC}.Release|Any CPU.Build.0 = Release|Any CPU
	EndGlobalSection
	GlobalSection(SolutionProperties) = preSolution
		HideSolutionNode = FALSE
	EndGlobalSection
	GlobalSection(ExtensibilityGlobals) = postSolution
		SolutionGuid = {7E899FA4-6A9C-41CC-8C7B-6C4357EA286A}
	EndGlobalSection
EndGlobal
